
Microsoft Visual Studio Solution File, Format Version 12.00
# Visual Studio Version 17
VisualStudioVersion = 17.0.31606.5
MinimumVisualStudioVersion = 10.0.40219.1
Project("{FAE04EC0-301F-11D3-BF4B-00C04F79EFBC}") = "ComplianceCatalog", "ComplianceCatalog\ComplianceCatalog.csproj", "{AA5CBBC1-CF2B-4C5E-BA1C-A58C6C98553E}"
EndProject
Project("{FAE04EC0-301F-11D3-BF4B-00C04F79EFBC}") = "ComplianceCatalog.Common", "ComplianceCatalog.Common\ComplianceCatalog.Common.csproj", "{EAFF861D-5ABF-447E-A93A-1A56B9320BB8}"
EndProject
Project("{FAE04EC0-301F-11D3-BF4B-00C04F79EFBC}") = "ComplianceCatalog.DataLayer", "ComplianceCatalog.DataLayer\ComplianceCatalog.DataLayer.csproj", "{76F7C39A-DB28-4BB2-ACE3-1EBCD3DDA9AF}"
EndProject
Global
	GlobalSection(SolutionConfigurationPlatforms) = preSolution
		Debug|Any CPU = Debug|Any CPU
		Release|Any CPU = Release|Any CPU
	EndGlobalSection
	GlobalSection(ProjectConfigurationPlatforms) = postSolution
		{AA5CBBC1-CF2B-4C5E-BA1C-A58C6C98553E}.Debug|Any CPU.ActiveCfg = Debug|Any CPU
		{AA5CBBC1-CF2B-4C5E-BA1C-A58C6C98553E}.Debug|Any CPU.Build.0 = Debug|Any CPU
		{AA5CBBC1-CF2B-4C5E-BA1C-A58C6C98553E}.Release|Any CPU.ActiveCfg = Release|Any CPU
		{AA5CBBC1-CF2B-4C5E-BA1C-A58C6C98553E}.Release|Any CPU.Build.0 = Release|Any CPU
		{EAFF861D-5ABF-447E-A93A-1A56B9320BB8}.Debug|Any CPU.ActiveCfg = Debug|Any CPU
		{EAFF861D-5ABF-447E-A93A-1A56B9320BB8}.Debug|Any CPU.Build.0 = Debug|Any CPU
		{EAFF861D-5ABF-447E-A93A-1A56B9320BB8}.Release|Any CPU.ActiveCfg = Release|Any CPU
		{EAFF861D-5ABF-447E-A93A-1A56B9320BB8}.Release|Any CPU.Build.0 = Release|Any CPU
		{76F7C39A-DB28-4BB2-ACE3-1EBCD3DDA9AF}.Debug|Any CPU.ActiveCfg = Debug|Any CPU
		{76F7C39A-DB28-4BB2-ACE3-1EBCD3DDA9AF}.Debug|Any CPU.Build.0 = Debug|Any CPU
		{76F7C39A-DB28-4BB2-ACE3-1EBCD3DDA9AF}.Release|Any CPU.ActiveCfg = Release|Any CPU
		{76F7C39A-DB28-4BB2-ACE3-1EBCD3DDA9AF}.Release|Any CPU.Build.0 = Release|Any CPU
	EndGlobalSection
	GlobalSection(SolutionProperties) = preSolution
		HideSolutionNode = FALSE
	EndGlobalSection
	GlobalSection(ExtensibilityGlobals) = postSolution
		SolutionGuid = {C69016E2-8110-4F4A-925E-693D84D9E335}
	EndGlobalSection
EndGlobal
